
Microsoft Visual Studio Solution File, Format Version 12.00
# Visual Studio Version 16
VisualStudioVersion = 16.0.29709.97
MinimumVisualStudioVersion = 10.0.40219.1
Project("{FAE04EC0-301F-11D3-BF4B-00C04F79EFBC}") = "Assignment5", "Assignment5\Assignment5.csproj", "{F14CD21B-829C-4AAA-BFC8-5597490D385B}"
EndProject
Global
	GlobalSection(SolutionConfigurationPlatforms) = preSolution
		Debug|Any CPU = Debug|Any CPU
		Release|Any CPU = Release|Any CPU
	EndGlobalSection
	GlobalSection(ProjectConfigurationPlatforms) = postSolution
		{F14CD21B-829C-4AAA-BFC8-5597490D385B}.Debug|Any CPU.ActiveCfg = Debug|Any CPU
		{F14CD21B-829C-4AAA-BFC8-5597490D385B}.Debug|Any CPU.Build.0 = Debug|Any CPU
		{F14CD21B-829C-4AAA-BFC8-5597490D385B}.Release|Any CPU.ActiveCfg = Release|Any CPU
		{F14CD21B-829C-4AAA-BFC8-5597490D385B}.Release|Any CPU.Build.0 = Release|Any CPU
	EndGlobalSection
	GlobalSection(SolutionProperties) = preSolution
		HideSolutionNode = FALSE
	EndGlobalSection
	GlobalSection(ExtensibilityGlobals) = postSolution
		SolutionGuid = {5CF4497C-733B-41FD-B013-E7851B116E5D}
	EndGlobalSection
EndGlobal
